
Microsoft Visual Studio Solution File, Format Version 12.00
# Visual Studio Version 17
VisualStudioVersion = 17.0.31903.59
MinimumVisualStudioVersion = 10.0.40219.1
Project("{FAE04EC0-301F-11D3-BF4B-00C04F79EFBC}") = "HabitTracker.API", "HabitTracker.API\HabitTracker.API.csproj", "{E652F2BC-9D66-4FB1-9444-F628EAA67B61}"
EndProject
Project("{FAE04EC0-301F-11D3-BF4B-00C04F79EFBC}") = "HabitTracker.Application", "HabitTracker.Application\HabitTracker.Application.csproj", "{A05FC59A-9CBD-49BD-9625-4F5D1BAFADD5}"
EndProject
Project("{FAE04EC0-301F-11D3-BF4B-00C04F79EFBC}") = "HabitTracker.Domain", "HabitTracker.Domain\HabitTracker.Domain.csproj", "{60816053-1EC9-457C-842B-9D56771DAB8F}"
EndProject
Project("{FAE04EC0-301F-11D3-BF4B-00C04F79EFBC}") = "HabitTracker.Infrastructure", "HabitTracker.Infrastructure\HabitTracker.Infrastructure.csproj", "{55A3170C-927B-4977-9A41-4C1098539808}"
EndProject
Project("{2150E333-8FDC-42A3-9474-1A3956D46DE8}") = "HabitTracker.Web", "HabitTracker.Web", "{3B4F4BB5-0B24-B5FB-160E-5DEEB4963EC5}"
EndProject
Project("{2150E333-8FDC-42A3-9474-1A3956D46DE8}") = "Client", "Client", "{6647B9A1-5C10-9320-DFA0-C98EA53C2377}"
EndProject
Project("{FAE04EC0-301F-11D3-BF4B-00C04F79EFBC}") = "HabitTracker.Web.Client", "HabitTracker.Web\Client\HabitTracker.Web.Client.csproj", "{079887B7-F36A-42BB-9C59-75A815CFAF7D}"
EndProject
Project("{2150E333-8FDC-42A3-9474-1A3956D46DE8}") = "Server", "Server", "{3A0914D3-CB5E-D3FC-306B-B705AEB84418}"
EndProject
Project("{FAE04EC0-301F-11D3-BF4B-00C04F79EFBC}") = "HabitTracker.Web.Server", "HabitTracker.Web\Server\HabitTracker.Web.Server.csproj", "{25258E8F-054A-484C-9C5D-99C154B27983}"
EndProject
Project("{2150E333-8FDC-42A3-9474-1A3956D46DE8}") = "Shared", "Shared", "{F477C79B-43E9-4EAD-0010-402B3D51B8C9}"
EndProject
Project("{FAE04EC0-301F-11D3-BF4B-00C04F79EFBC}") = "HabitTracker.Web.Shared", "HabitTracker.Web\Shared\HabitTracker.Web.Shared.csproj", "{B7A3A13F-2014-49F8-BC2B-27254083114B}"
EndProject
Global
	GlobalSection(SolutionConfigurationPlatforms) = preSolution
		Debug|Any CPU = Debug|Any CPU
		Debug|x64 = Debug|x64
		Debug|x86 = Debug|x86
		Release|Any CPU = Release|Any CPU
		Release|x64 = Release|x64
		Release|x86 = Release|x86
	EndGlobalSection
	GlobalSection(ProjectConfigurationPlatforms) = postSolution
		{E652F2BC-9D66-4FB1-9444-F628EAA67B61}.Debug|Any CPU.ActiveCfg = Debug|Any CPU
		{E652F2BC-9D66-4FB1-9444-F628EAA67B61}.Debug|Any CPU.Build.0 = Debug|Any CPU
		{E652F2BC-9D66-4FB1-9444-F628EAA67B61}.Debug|x64.ActiveCfg = Debug|Any CPU
		{E652F2BC-9D66-4FB1-9444-F628EAA67B61}.Debug|x64.Build.0 = Debug|Any CPU
		{E652F2BC-9D66-4FB1-9444-F628EAA67B61}.Debug|x86.ActiveCfg = Debug|Any CPU
		{E652F2BC-9D66-4FB1-9444-F628EAA67B61}.Debug|x86.Build.0 = Debug|Any CPU
		{E652F2BC-9D66-4FB1-9444-F628EAA67B61}.Release|Any CPU.ActiveCfg = Release|Any CPU
		{E652F2BC-9D66-4FB1-9444-F628EAA67B61}.Release|Any CPU.Build.0 = Release|Any CPU
		{E652F2BC-9D66-4FB1-9444-F628EAA67B61}.Release|x64.ActiveCfg = Release|Any CPU
		{E652F2BC-9D66-4FB1-9444-F628EAA67B61}.Release|x64.Build.0 = Release|Any CPU
		{E652F2BC-9D66-4FB1-9444-F628EAA67B61}.Release|x86.ActiveCfg = Release|Any CPU
		{E652F2BC-9D66-4FB1-9444-F628EAA67B61}.Release|x86.Build.0 = Release|Any CPU
		{A05FC59A-9CBD-49BD-9625-4F5D1BAFADD5}.Debug|Any CPU.ActiveCfg = Debug|Any CPU
		{A05FC59A-9CBD-49BD-9625-4F5D1BAFADD5}.Debug|Any CPU.Build.0 = Debug|Any CPU
		{A05FC59A-9CBD-49BD-9625-4F5D1BAFADD5}.Debug|x64.ActiveCfg = Debug|Any CPU
		{A05FC59A-9CBD-49BD-9625-4F5D1BAFADD5}.Debug|x64.Build.0 = Debug|Any CPU
		{A05FC59A-9CBD-49BD-9625-4F5D1BAFADD5}.Debug|x86.ActiveCfg = Debug|Any CPU
		{A05FC59A-9CBD-49BD-9625-4F5D1BAFADD5}.Debug|x86.Build.0 = Debug|Any CPU
		{A05FC59A-9CBD-49BD-9625-4F5D1BAFADD5}.Release|Any CPU.ActiveCfg = Release|Any CPU
		{A05FC59A-9CBD-49BD-9625-4F5D1BAFADD5}.Release|Any CPU.Build.0 = Release|Any CPU
		{A05FC59A-9CBD-49BD-9625-4F5D1BAFADD5}.Release|x64.ActiveCfg = Release|Any CPU
		{A05FC59A-9CBD-49BD-9625-4F5D1BAFADD5}.Release|x64.Build.0 = Release|Any CPU
		{A05FC59A-9CBD-49BD-9625-4F5D1BAFADD5}.Release|x86.ActiveCfg = Release|Any CPU
		{A05FC59A-9CBD-49BD-9625-4F5D1BAFADD5}.Release|x86.Build.0 = Release|Any CPU
		{60816053-1EC9-457C-842B-9D56771DAB8F}.Debug|Any CPU.ActiveCfg = Debug|Any CPU
		{60816053-1EC9-457C-842B-9D56771DAB8F}.Debug|Any CPU.Build.0 = Debug|Any CPU
		{60816053-1EC9-457C-842B-9D56771DAB8F}.Debug|x64.ActiveCfg = Debug|Any CPU
		{60816053-1EC9-457C-842B-9D56771DAB8F}.Debug|x64.Build.0 = Debug|Any CPU
		{60816053-1EC9-457C-842B-9D56771DAB8F}.Debug|x86.ActiveCfg = Debug|Any CPU
		{60816053-1EC9-457C-842B-9D56771DAB8F}.Debug|x86.Build.0 = Debug|Any CPU
		{60816053-1EC9-457C-842B-9D56771DAB8F}.Release|Any CPU.ActiveCfg = Release|Any CPU
		{60816053-1EC9-457C-842B-9D56771DAB8F}.Release|Any CPU.Build.0 = Release|Any CPU
		{60816053-1EC9-457C-842B-9D56771DAB8F}.Release|x64.ActiveCfg = Release|Any CPU
		{60816053-1EC9-457C-842B-9D56771DAB8F}.Release|x64.Build.0 = Release|Any CPU
		{60816053-1EC9-457C-842B-9D56771DAB8F}.Release|x86.ActiveCfg = Release|Any CPU
		{60816053-1EC9-457C-842B-9D56771DAB8F}.Release|x86.Build.0 = Release|Any CPU
		{55A3170C-927B-4977-9A41-4C1098539808}.Debug|Any CPU.ActiveCfg = Debug|Any CPU
		{55A3170C-927B-4977-9A41-4C1098539808}.Debug|Any CPU.Build.0 = Debug|Any CPU
		{55A3170C-927B-4977-9A41-4C1098539808}.Debug|x64.ActiveCfg = Debug|Any CPU
		{55A3170C-927B-4977-9A41-4C1098539808}.Debug|x64.Build.0 = Debug|Any CPU
		{55A3170C-927B-4977-9A41-4C1098539808}.Debug|x86.ActiveCfg = Debug|Any CPU
		{55A3170C-927B-4977-9A41-4C1098539808}.Debug|x86.Build.0 = Debug|Any CPU
		{55A3170C-927B-4977-9A41-4C1098539808}.Release|Any CPU.ActiveCfg = Release|Any CPU
		{55A3170C-927B-4977-9A41-4C1098539808}.Release|Any CPU.Build.0 = Release|Any CPU
		{55A3170C-927B-4977-9A41-4C1098539808}.Release|x64.ActiveCfg = Release|Any CPU
		{55A3170C-927B-4977-9A41-4C1098539808}.Release|x64.Build.0 = Release|Any CPU
		{55A3170C-927B-4977-9A41-4C1098539808}.Release|x86.ActiveCfg = Release|Any CPU
		{55A3170C-927B-4977-9A41-4C1098539808}.Release|x86.Build.0 = Release|Any CPU
		{079887B7-F36A-42BB-9C59-75A815CFAF7D}.Debug|Any CPU.ActiveCfg = Debug|Any CPU
		{079887B7-F36A-42BB-9C59-75A815CFAF7D}.Debug|Any CPU.Build.0 = Debug|Any CPU
		{079887B7-F36A-42BB-9C59-75A815CFAF7D}.Debug|x64.ActiveCfg = Debug|Any CPU
		{079887B7-F36A-42BB-9C59-75A815CFAF7D}.Debug|x64.Build.0 = Debug|Any CPU
		{079887B7-F36A-42BB-9C59-75A815CFAF7D}.Debug|x86.ActiveCfg = Debug|Any CPU
		{079887B7-F36A-42BB-9C59-75A815CFAF7D}.Debug|x86.Build.0 = Debug|Any CPU
		{079887B7-F36A-42BB-9C59-75A815CFAF7D}.Release|Any CPU.ActiveCfg = Release|Any CPU
		{079887B7-F36A-42BB-9C59-75A815CFAF7D}.Release|Any CPU.Build.0 = Release|Any CPU
		{079887B7-F36A-42BB-9C59-75A815CFAF7D}.Release|x64.ActiveCfg = Release|Any CPU
		{079887B7-F36A-42BB-9C59-75A815CFAF7D}.Release|x64.Build.0 = Release|Any CPU
		{079887B7-F36A-42BB-9C59-75A815CFAF7D}.Release|x86.ActiveCfg = Release|Any CPU
		{079887B7-F36A-42BB-9C59-75A815CFAF7D}.Release|x86.Build.0 = Release|Any CPU
		{25258E8F-054A-484C-9C5D-99C154B27983}.Debug|Any CPU.ActiveCfg = Debug|Any CPU
		{25258E8F-054A-484C-9C5D-99C154B27983}.Debug|Any CPU.Build.0 = Debug|Any CPU
		{25258E8F-054A-484C-9C5D-99C154B27983}.Debug|x64.ActiveCfg = Debug|Any CPU
		{25258E8F-054A-484C-9C5D-99C154B27983}.Debug|x64.Build.0 = Debug|Any CPU
		{25258E8F-054A-484C-9C5D-99C154B27983}.Debug|x86.ActiveCfg = Debug|Any CPU
		{25258E8F-054A-484C-9C5D-99C154B27983}.Debug|x86.Build.0 = Debug|Any CPU
		{25258E8F-054A-484C-9C5D-99C154B27983}.Release|Any CPU.ActiveCfg = Release|Any CPU
		{25258E8F-054A-484C-9C5D-99C154B27983}.Release|Any CPU.Build.0 = Release|Any CPU
		{25258E8F-054A-484C-9C5D-99C154B27983}.Release|x64.ActiveCfg = Release|Any CPU
		{25258E8F-054A-484C-9C5D-99C154B27983}.Release|x64.Build.0 = Release|Any CPU
		{25258E8F-054A-484C-9C5D-99C154B27983}.Release|x86.ActiveCfg = Release|Any CPU
		{25258E8F-054A-484C-9C5D-99C154B27983}.Release|x86.Build.0 = Release|Any CPU
		{B7A3A13F-2014-49F8-BC2B-27254083114B}.Debug|Any CPU.ActiveCfg = Debug|Any CPU
		{B7A3A13F-2014-49F8-BC2B-27254083114B}.Debug|Any CPU.Build.0 = Debug|Any CPU
		{B7A3A13F-2014-49F8-BC2B-27254083114B}.Debug|x64.ActiveCfg = Debug|Any CPU
		{B7A3A13F-2014-49F8-BC2B-27254083114B}.Debug|x64.Build.0 = Debug|Any CPU
		{B7A3A13F-2014-49F8-BC2B-27254083114B}.Debug|x86.ActiveCfg = Debug|Any CPU
		{B7A3A13F-2014-49F8-BC2B-27254083114B}.Debug|x86.Build.0 = Debug|Any CPU
		{B7A3A13F-2014-49F8-BC2B-27254083114B}.Release|Any CPU.ActiveCfg = Release|Any CPU
		{B7A3A13F-2014-49F8-BC2B-27254083114B}.Release|Any CPU.Build.0 = Release|Any CPU
		{B7A3A13F-2014-49F8-BC2B-27254083114B}.Release|x64.ActiveCfg = Release|Any CPU
		{B7A3A13F-2014-49F8-BC2B-27254083114B}.Release|x64.Build.0 = Release|Any CPU
		{B7A3A13F-2014-49F8-BC2B-27254083114B}.Release|x86.ActiveCfg = Release|Any CPU
		{B7A3A13F-2014-49F8-BC2B-27254083114B}.Release|x86.Build.0 = Release|Any CPU
	EndGlobalSection
	GlobalSection(SolutionProperties) = preSolution
		HideSolutionNode = FALSE
	EndGlobalSection
	GlobalSection(NestedProjects) = preSolution
		{6647B9A1-5C10-9320-DFA0-C98EA53C2377} = {3B4F4BB5-0B24-B5FB-160E-5DEEB4963EC5}
		{079887B7-F36A-42BB-9C59-75A815CFAF7D} = {6647B9A1-5C10-9320-DFA0-C98EA53C2377}
		{3A0914D3-CB5E-D3FC-306B-B705AEB84418} = {3B4F4BB5-0B24-B5FB-160E-5DEEB4963EC5}
		{25258E8F-054A-484C-9C5D-99C154B27983} = {3A0914D3-CB5E-D3FC-306B-B705AEB84418}
		{F477C79B-43E9-4EAD-0010-402B3D51B8C9} = {3B4F4BB5-0B24-B5FB-160E-5DEEB4963EC5}
		{B7A3A13F-2014-49F8-BC2B-27254083114B} = {F477C79B-43E9-4EAD-0010-402B3D51B8C9}
	EndGlobalSection
	GlobalSection(ExtensibilityGlobals) = postSolution
		SolutionGuid = {2D2BF9B1-E3A3-41C5-8678-A7129538532E}
	EndGlobalSection
EndGlobal
